# This file was autogenerated by uv via the following command:
#    uv pip compile requirements.txt --output-file uv.lock
aiohappyeyeballs==2.6.1
    # via aiohttp
aiohttp==3.12.13
    # via
    #   -r requirements.txt
    #   fsspec
    #   litellm
aiosignal==1.3.2
    # via aiohttp
alembic==1.16.2
    # via optuna
annotated-types==0.7.0
    # via pydantic
anthropic==0.56.0
    # via
    #   graphiti-core
    #   langchain-anthropic
anyio==4.9.0
    # via
    #   anthropic
    #   asyncer
    #   dspy
    #   google-genai
    #   httpx
    #   openai
    #   starlette
    #   watchfiles
astroid==3.3.10
    # via pylint
async-timeout==5.0.1
    # via redis
asyncer==0.0.8
    # via dspy
asyncio-mqtt==0.16.2
    # via -r requirements.txt
attrs==25.3.0
    # via
    #   aiohttp
    #   jsonschema
    #   referencing
backoff==2.2.1
    # via
    #   dspy
    #   posthog
bcrypt==4.3.0
    # via -r requirements.txt
black==25.1.0
    # via -r requirements.txt
blinker==1.9.0
    # via flask
cachetools==5.5.2
    # via
    #   dspy
    #   google-auth
certifi==2025.6.15
    # via
    #   httpcore
    #   httpx
    #   requests
    #   sentry-sdk
cffi==1.17.1
    # via cryptography
charset-normalizer==3.4.2
    # via requests
click==8.2.1
    # via
    #   -r requirements.txt
    #   black
    #   flask
    #   litellm
    #   uvicorn
cloudpickle==3.1.1
    # via dspy
colorama==0.4.6
    # via -r requirements.txt
colorlog==6.9.0
    # via optuna
coolname==2.2.0
    # via langwatch
coverage==7.9.1
    # via pytest-cov
cryptography==45.0.4
    # via -r requirements.txt
datasets==3.6.0
    # via dspy
decorator==5.2.1
    # via retry
deprecated==1.2.18
    # via langwatch
deprecation==2.1.0
    # via
    #   postgrest
    #   storage3
dill==0.3.8
    # via
    #   datasets
    #   multiprocess
    #   pylint
diskcache==5.6.3
    # via
    #   dspy
    #   graphiti-core
distro==1.9.0
    # via
    #   anthropic
    #   openai
    #   posthog
dspy==2.6.27
    # via dspy-ai
dspy-ai==2.6.27
    # via langwatch
fastapi==0.115.14
    # via -r requirements.txt
filelock==3.18.0
    # via
    #   datasets
    #   huggingface-hub
filetype==1.2.0
    # via langchain-google-genai
flake8==7.3.0
    # via -r requirements.txt
flask==3.1.1
    # via
    #   -r requirements.txt
    #   flask-cors
flask-cors==6.0.1
    # via -r requirements.txt
frozenlist==1.7.0
    # via
    #   aiohttp
    #   aiosignal
fsspec==2025.3.0
    # via
    #   datasets
    #   huggingface-hub
google-ai-generativelanguage==0.6.18
    # via langchain-google-genai
google-api-core==2.25.1
    # via google-ai-generativelanguage
google-auth==2.40.3
    # via
    #   google-ai-generativelanguage
    #   google-api-core
    #   google-genai
google-genai==1.20.0
    # via graphiti-core
googleapis-common-protos==1.70.0
    # via
    #   google-api-core
    #   grpcio-status
    #   opentelemetry-exporter-otlp-proto-http
gotrue==2.12.2
    # via supabase
graphiti-core==0.15.0
    # via -r requirements.txt
greenlet==3.2.3
    # via sqlalchemy
grpcio==1.73.1
    # via
    #   google-api-core
    #   grpcio-status
grpcio-status==1.71.2
    # via google-api-core
h11==0.16.0
    # via
    #   httpcore
    #   uvicorn
h2==4.2.0
    # via httpx
hf-xet==1.1.5
    # via huggingface-hub
hpack==4.1.0
    # via h2
httpcore==1.0.9
    # via httpx
httptools==0.6.4
    # via uvicorn
httpx==0.28.1
    # via
    #   -r requirements.txt
    #   anthropic
    #   google-genai
    #   gotrue
    #   langgraph-sdk
    #   langsmith
    #   langwatch
    #   litellm
    #   openai
    #   postgrest
    #   storage3
    #   supabase
    #   supafunc
huggingface-hub==0.33.1
    # via
    #   datasets
    #   tokenizers
hyperframe==6.1.0
    # via h2
idna==3.10
    # via
    #   anyio
    #   httpx
    #   requests
    #   yarl
importlib-metadata==8.7.0
    # via
    #   litellm
    #   opentelemetry-api
iniconfig==2.1.0
    # via pytest
isort==6.0.1
    # via
    #   -r requirements.txt
    #   pylint
itsdangerous==2.2.0
    # via flask
jinja2==3.1.6
    # via
    #   flask
    #   litellm
jiter==0.10.0
    # via
    #   anthropic
    #   openai
joblib==1.5.1
    # via dspy
json-repair==0.47.6
    # via dspy
jsonpatch==1.33
    # via langchain-core
jsonpointer==3.0.0
    # via jsonpatch
jsonschema==4.24.0
    # via
    #   -r requirements.txt
    #   litellm
jsonschema-specifications==2025.4.1
    # via jsonschema
langchain==0.3.26
    # via -r requirements.txt
langchain-anthropic==0.3.16
    # via -r requirements.txt
langchain-core==0.3.67
    # via
    #   langchain
    #   langchain-anthropic
    #   langchain-google-genai
    #   langchain-openai
    #   langchain-text-splitters
    #   langgraph
    #   langgraph-checkpoint
    #   langgraph-prebuilt
langchain-google-genai==2.1.6
    # via -r requirements.txt
langchain-openai==0.3.27
    # via -r requirements.txt
langchain-text-splitters==0.3.8
    # via langchain
langgraph==0.5.0
    # via -r requirements.txt
langgraph-checkpoint==2.1.0
    # via
    #   langgraph
    #   langgraph-prebuilt
langgraph-prebuilt==0.5.2
    # via langgraph
langgraph-sdk==0.1.72
    # via langgraph
langsmith==0.4.4
    # via
    #   langchain
    #   langchain-core
langwatch==0.2.6
    # via -r requirements.txt
litellm==1.73.6
    # via
    #   dspy
    #   langwatch
magicattr==0.1.6
    # via dspy
mako==1.3.10
    # via alembic
markdown-it-py==3.0.0
    # via rich
markupsafe==3.0.2
    # via
    #   flask
    #   jinja2
    #   mako
    #   werkzeug
mccabe==0.7.0
    # via
    #   flake8
    #   pylint
mdurl==0.1.2
    # via markdown-it-py
multidict==6.6.3
    # via
    #   aiohttp
    #   yarl
multiprocess==0.70.16
    # via datasets
mypy==1.16.1
    # via -r requirements.txt
mypy-extensions==1.1.0
    # via
    #   black
    #   mypy
nanoid==2.0.0
    # via langwatch
neo4j==5.28.1
    # via
    #   -r requirements.txt
    #   graphiti-core
numpy==2.3.1
    # via
    #   datasets
    #   dspy
    #   graphiti-core
    #   optuna
    #   pandas
openai==1.93.0
    # via
    #   -r requirements.txt
    #   dspy
    #   graphiti-core
    #   langchain-openai
    #   litellm
openinference-instrumentation==0.1.34
    # via
    #   openinference-instrumentation-haystack
    #   openinference-instrumentation-langchain
    #   openinference-instrumentation-openai
openinference-instrumentation-haystack==0.1.24
    # via langwatch
openinference-instrumentation-langchain==0.1.44
    # via langwatch
openinference-instrumentation-openai==0.1.30
    # via langwatch
openinference-semantic-conventions==0.1.21
    # via
    #   langwatch
    #   openinference-instrumentation
    #   openinference-instrumentation-haystack
    #   openinference-instrumentation-langchain
    #   openinference-instrumentation-openai
opentelemetry-api==1.34.1
    # via
    #   langwatch
    #   openinference-instrumentation
    #   openinference-instrumentation-haystack
    #   openinference-instrumentation-langchain
    #   openinference-instrumentation-openai
    #   opentelemetry-exporter-otlp-proto-http
    #   opentelemetry-instrumentation
    #   opentelemetry-sdk
    #   opentelemetry-semantic-conventions
opentelemetry-exporter-otlp-proto-common==1.34.1
    # via opentelemetry-exporter-otlp-proto-http
opentelemetry-exporter-otlp-proto-http==1.34.1
    # via langwatch
opentelemetry-instrumentation==0.55b1
    # via
    #   openinference-instrumentation-haystack
    #   openinference-instrumentation-langchain
    #   openinference-instrumentation-openai
opentelemetry-proto==1.34.1
    # via
    #   opentelemetry-exporter-otlp-proto-common
    #   opentelemetry-exporter-otlp-proto-http
opentelemetry-sdk==1.34.1
    # via
    #   langwatch
    #   openinference-instrumentation
    #   opentelemetry-exporter-otlp-proto-http
opentelemetry-semantic-conventions==0.55b1
    # via
    #   openinference-instrumentation-haystack
    #   openinference-instrumentation-langchain
    #   openinference-instrumentation-openai
    #   opentelemetry-instrumentation
    #   opentelemetry-sdk
optuna==4.4.0
    # via dspy
orjson==3.10.18
    # via
    #   langgraph-sdk
    #   langsmith
ormsgpack==1.10.0
    # via langgraph-checkpoint
packaging==24.2
    # via
    #   black
    #   datasets
    #   deprecation
    #   huggingface-hub
    #   langchain-core
    #   langsmith
    #   opentelemetry-instrumentation
    #   optuna
    #   pytest
paho-mqtt==2.1.0
    # via asyncio-mqtt
pandas==2.3.0
    # via
    #   datasets
    #   dspy
passlib==1.7.4
    # via -r requirements.txt
pathspec==0.12.1
    # via
    #   black
    #   mypy
platformdirs==4.3.8
    # via
    #   black
    #   pylint
pluggy==1.6.0
    # via
    #   pytest
    #   pytest-cov
postgrest==1.1.1
    # via supabase
posthog==6.0.1
    # via graphiti-core
prometheus-client==0.22.1
    # via -r requirements.txt
propcache==0.3.2
    # via
    #   aiohttp
    #   yarl
proto-plus==1.26.1
    # via
    #   google-ai-generativelanguage
    #   google-api-core
protobuf==5.29.5
    # via
    #   google-ai-generativelanguage
    #   google-api-core
    #   googleapis-common-protos
    #   grpcio-status
    #   opentelemetry-proto
    #   proto-plus
psycopg2-binary==2.9.10
    # via -r requirements.txt
py==1.11.0
    # via retry
pyarrow==20.0.0
    # via datasets
pyasn1==0.6.1
    # via
    #   pyasn1-modules
    #   rsa
pyasn1-modules==0.4.2
    # via google-auth
pycodestyle==2.14.0
    # via flake8
pycparser==2.22
    # via cffi
pydantic==2.11.7
    # via
    #   -r requirements.txt
    #   anthropic
    #   dspy
    #   fastapi
    #   google-genai
    #   gotrue
    #   graphiti-core
    #   langchain
    #   langchain-anthropic
    #   langchain-core
    #   langchain-google-genai
    #   langgraph
    #   langsmith
    #   litellm
    #   openai
    #   postgrest
pydantic-core==2.33.2
    # via pydantic
pyflakes==3.4.0
    # via flake8
pygments==2.19.2
    # via
    #   pytest
    #   rich
pyjwt==2.10.1
    # via
    #   -r requirements.txt
    #   gotrue
pylint==3.3.7
    # via -r requirements.txt
pytest==8.4.1
    # via
    #   -r requirements.txt
    #   pytest-asyncio
    #   pytest-cov
    #   pytest-mock
pytest-asyncio==1.0.0
    # via -r requirements.txt
pytest-cov==6.2.1
    # via -r requirements.txt
pytest-mock==3.14.1
    # via
    #   -r requirements.txt
    #   gotrue
python-dateutil==2.9.0.post0
    # via
    #   -r requirements.txt
    #   pandas
    #   posthog
    #   storage3
python-dotenv==1.1.1
    # via
    #   -r requirements.txt
    #   graphiti-core
    #   litellm
    #   uvicorn
pytz==2025.2
    # via
    #   -r requirements.txt
    #   neo4j
    #   pandas
pyyaml==6.0.2
    # via
    #   datasets
    #   huggingface-hub
    #   langchain
    #   langchain-core
    #   optuna
    #   uvicorn
realtime==2.5.3
    # via supabase
redis==6.2.0
    # via -r requirements.txt
referencing==0.36.2
    # via
    #   jsonschema
    #   jsonschema-specifications
regex==2024.11.6
    # via
    #   dspy
    #   tiktoken
requests==2.32.4
    # via
    #   -r requirements.txt
    #   datasets
    #   dspy
    #   google-api-core
    #   google-genai
    #   huggingface-hub
    #   langchain
    #   langsmith
    #   opentelemetry-exporter-otlp-proto-http
    #   posthog
    #   requests-toolbelt
    #   tiktoken
requests-toolbelt==1.0.0
    # via langsmith
retry==0.9.2
    # via langwatch
rich==14.0.0
    # via dspy
rpds-py==0.26.0
    # via
    #   jsonschema
    #   referencing
rsa==4.9.1
    # via google-auth
sentry-sdk==2.32.0
    # via -r requirements.txt
six==1.17.0
    # via
    #   posthog
    #   python-dateutil
sniffio==1.3.1
    # via
    #   anthropic
    #   anyio
    #   openai
sqlalchemy==2.0.41
    # via
    #   -r requirements.txt
    #   alembic
    #   langchain
    #   optuna
starlette==0.46.2
    # via fastapi
storage3==0.12.0
    # via supabase
strenum==0.4.15
    # via supafunc
structlog==25.4.0
    # via -r requirements.txt
supabase==2.16.0
    # via -r requirements.txt
supafunc==0.10.1
    # via supabase
tenacity==9.1.2
    # via
    #   dspy
    #   graphiti-core
    #   langchain-core
termcolor==3.1.0
    # via langwatch
tiktoken==0.9.0
    # via
    #   langchain-openai
    #   litellm
tokenizers==0.21.2
    # via litellm
tomli==2.2.1
    # via coverage
tomlkit==0.13.3
    # via pylint
tqdm==4.67.1
    # via
    #   -r requirements.txt
    #   datasets
    #   dspy
    #   huggingface-hub
    #   openai
    #   optuna
typing-extensions==4.14.0
    # via
    #   alembic
    #   anthropic
    #   anyio
    #   fastapi
    #   google-genai
    #   huggingface-hub
    #   langchain-core
    #   mypy
    #   openai
    #   openinference-instrumentation-haystack
    #   openinference-instrumentation-openai
    #   opentelemetry-api
    #   opentelemetry-exporter-otlp-proto-http
    #   opentelemetry-sdk
    #   opentelemetry-semantic-conventions
    #   posthog
    #   pydantic
    #   pydantic-core
    #   realtime
    #   referencing
    #   sqlalchemy
    #   typing-inspection
typing-inspection==0.4.1
    # via pydantic
tzdata==2025.2
    # via pandas
ujson==5.10.0
    # via dspy
urllib3==2.5.0
    # via
    #   requests
    #   sentry-sdk
uvicorn==0.35.0
    # via -r requirements.txt
uvloop==0.21.0
    # via uvicorn
watchfiles==1.1.0
    # via uvicorn
websockets==15.0.1
    # via
    #   -r requirements.txt
    #   google-genai
    #   realtime
    #   uvicorn
werkzeug==3.1.3
    # via
    #   flask
    #   flask-cors
wrapt==1.17.2
    # via
    #   deprecated
    #   openinference-instrumentation-haystack
    #   openinference-instrumentation-langchain
    #   openinference-instrumentation-openai
    #   opentelemetry-instrumentation
xxhash==3.5.0
    # via
    #   datasets
    #   langgraph
yarl==1.20.1
    # via aiohttp
zipp==3.23.0
    # via importlib-metadata
zstandard==0.23.0
    # via langsmith
